PODS:
  - ChameleonFramework/Default (2.1.0)
  - ChameleonFramework/Swift (2.1.0):
    - ChameleonFramework/Default
  - DSColorPicker (1.0.1)
  - JTAppleCalendar (7.1.7)
  - PickerViewCell (0.2.1)
  - Realm (3.17.0):
    - Realm/Headers (= 3.17.0)
  - Realm/Headers (3.17.0)
  - RealmSwift (3.17.0):
    - Realm (= 3.17.0)
  - SwipeCellKit (2.6.0)

DEPENDENCIES:
  - ChameleonFramework/Swift (from `https://github.com/ViccAlexander/Chameleon.git`)
  - DSColorPicker
  - JTAppleCalendar
  - PickerViewCell
  - RealmSwift
  - SwipeCellKit

SPEC REPOS:
  https://github.com/cocoapods/specs.git:
    - DSColorPicker
    - JTAppleCalendar
    - PickerViewCell
    - Realm
    - RealmSwift
    - SwipeCellKit

EXTERNAL SOURCES:
  ChameleonFramework:
    :git: https://github.com/ViccAlexander/Chameleon.git

CHECKOUT OPTIONS:
  ChameleonFramework:
    :commit: 6dd284bde21ea2e7f9fd89bc36f40df16e16369d
    :git: https://github.com/ViccAlexander/Chameleon.git

SPEC CHECKSUMS:
  ChameleonFramework: d21a3cc247abfe5e37609a283a8238b03575cf64
  DSColorPicker: e97d6553553719b04fce84121e3c4c14cf213604
  JTAppleCalendar: 96da4d8388fa6dc82d6a60d41ef36a015e167e2f
  PickerViewCell: 42b63abb4fc29716ab6e2954a563b45389449d39
  Realm: b30db41ff34fc858ffc25ba8d44a82c164e7ccd0
  RealmSwift: fe733e459d60dc7b6971d4cbee2eb4854097d12c
  SwipeCellKit: 935ca28c187ec6e1ffb2b578cf8ddca842bfdcbb

PODFILE CHECKSUM: 95a1d8822e8ddbedece1891422f73d4826857fcf

COCOAPODS: 1.6.1
